
Microsoft Visual Studio Solution File, Format Version 12.00
# Visual Studio Version 16
VisualStudioVersion = 16.0.32106.194
MinimumVisualStudioVersion = 10.0.40219.1
Project("{FAE04EC0-301F-11D3-BF4B-00C04F79EFBC}") = "HelloWord", "HelloWord\HelloWord.csproj", "{D7131B04-258C-479B-BBDB-A5795E00E31D}"
EndProject
Global
	GlobalSection(SolutionConfigurationPlatforms) = preSolution
		Debug|Any CPU = Debug|Any CPU
		Release|Any CPU = Release|Any CPU
	EndGlobalSection
	GlobalSection(ProjectConfigurationPlatforms) = postSolution
		{D7131B04-258C-479B-BBDB-A5795E00E31D}.Debug|Any CPU.ActiveCfg = Debug|Any CPU
		{D7131B04-258C-479B-BBDB-A5795E00E31D}.Debug|Any CPU.Build.0 = Debug|Any CPU
		{D7131B04-258C-479B-BBDB-A5795E00E31D}.Release|Any CPU.ActiveCfg = Release|Any CPU
		{D7131B04-258C-479B-BBDB-A5795E00E31D}.Release|Any CPU.Build.0 = Release|Any CPU
	EndGlobalSection
	GlobalSection(SolutionProperties) = preSolution
		HideSolutionNode = FALSE
	EndGlobalSection
	GlobalSection(ExtensibilityGlobals) = postSolution
		SolutionGuid = {76B17034-AA22-409F-9F8F-504C10E972E3}
	EndGlobalSection
EndGlobal
